
Microsoft Visual Studio Solution File, Format Version 12.00
# Visual Studio Version 17
VisualStudioVersion = 17.11.35222.181
MinimumVisualStudioVersion = 10.0.40219.1
Project("{FAE04EC0-301F-11D3-BF4B-00C04F79EFBC}") = "FirstApi", "FirstApi.csproj", "{87AD79D5-9060-4DC6-B4C2-EC585D7ED34D}"
EndProject
Global
	GlobalSection(SolutionConfigurationPlatforms) = preSolution
		Debug|Any CPU = Debug|Any CPU
		Release|Any CPU = Release|Any CPU
	EndGlobalSection
	GlobalSection(ProjectConfigurationPlatforms) = postSolution
		{87AD79D5-9060-4DC6-B4C2-EC585D7ED34D}.Debug|Any CPU.ActiveCfg = Debug|Any CPU
		{87AD79D5-9060-4DC6-B4C2-EC585D7ED34D}.Debug|Any CPU.Build.0 = Debug|Any CPU
		{87AD79D5-9060-4DC6-B4C2-EC585D7ED34D}.Release|Any CPU.ActiveCfg = Release|Any CPU
		{87AD79D5-9060-4DC6-B4C2-EC585D7ED34D}.Release|Any CPU.Build.0 = Release|Any CPU
	EndGlobalSection
	GlobalSection(SolutionProperties) = preSolution
		HideSolutionNode = FALSE
	EndGlobalSection
	GlobalSection(ExtensibilityGlobals) = postSolution
		SolutionGuid = {1781BCE7-DD8E-4F94-8115-5725B192817D}
	EndGlobalSection
EndGlobal
